Microsoft Visual Studio Solution File, Format Version 12.00
# Visual Studio 2012
Project("{FAE04EC0-301F-11D3-BF4B-00C04F79EFBC}") = "aRTS", "aRTS.csproj", "{CEA49506-BB6E-43C0-89D4-BECAA16DE34A}"
EndProject
Global
	GlobalSection(SolutionConfigurationPlatforms) = preSolution
	Debug|Any CPU = Debug|Any CPU
	ExportDebug|Any CPU = ExportDebug|Any CPU
	ExportRelease|Any CPU = ExportRelease|Any CPU
	EndGlobalSection
	GlobalSection(ProjectConfigurationPlatforms) = postSolution
		{CEA49506-BB6E-43C0-89D4-BECAA16DE34A}.Debug|Any CPU.ActiveCfg = Debug|Any CPU
		{CEA49506-BB6E-43C0-89D4-BECAA16DE34A}.Debug|Any CPU.Build.0 = Debug|Any CPU
		{CEA49506-BB6E-43C0-89D4-BECAA16DE34A}.ExportDebug|Any CPU.ActiveCfg = ExportDebug|Any CPU
		{CEA49506-BB6E-43C0-89D4-BECAA16DE34A}.ExportDebug|Any CPU.Build.0 = ExportDebug|Any CPU
		{CEA49506-BB6E-43C0-89D4-BECAA16DE34A}.ExportRelease|Any CPU.ActiveCfg = ExportRelease|Any CPU
		{CEA49506-BB6E-43C0-89D4-BECAA16DE34A}.ExportRelease|Any CPU.Build.0 = ExportRelease|Any CPU
	EndGlobalSection
EndGlobal
